
Microsoft Visual Studio Solution File, Format Version 12.00
# Visual Studio Version 17
VisualStudioVersion = 17.9.34622.214
MinimumVisualStudioVersion = 10.0.40219.1
Project("{FAE04EC0-301F-11D3-BF4B-00C04F79EFBC}") = "Mobile_AppCenter.Android", "Mobile_AppCenter.Android\Mobile_AppCenter.Android.csproj", "{09FF3417-454B-43D9-A808-968DCE85C4B9}"
EndProject
Project("{FAE04EC0-301F-11D3-BF4B-00C04F79EFBC}") = "Mobile_AppCenter.iOS", "Mobile_AppCenter.iOS\Mobile_AppCenter.iOS.csproj", "{1FA886EA-119B-4ECB-892E-4CF48C0AD2A5}"
EndProject
Project("{FAE04EC0-301F-11D3-BF4B-00C04F79EFBC}") = "Mobile_AppCenter", "Mobile_AppCenter\Mobile_AppCenter.csproj", "{26B7354B-DEDA-4010-82E9-987D869454A7}"
EndProject
Global
	GlobalSection(SolutionConfigurationPlatforms) = preSolution
		Debug|Any CPU = Debug|Any CPU
		Debug|iPhone = Debug|iPhone
		Debug|iPhoneSimulator = Debug|iPhoneSimulator
		Release|Any CPU = Release|Any CPU
		Release|iPhone = Release|iPhone
		Release|iPhoneSimulator = Release|iPhoneSimulator
	EndGlobalSection
	GlobalSection(ProjectConfigurationPlatforms) = postSolution
		{09FF3417-454B-43D9-A808-968DCE85C4B9}.Debug|Any CPU.ActiveCfg = Debug|Any CPU
		{09FF3417-454B-43D9-A808-968DCE85C4B9}.Debug|Any CPU.Build.0 = Debug|Any CPU
		{09FF3417-454B-43D9-A808-968DCE85C4B9}.Debug|Any CPU.Deploy.0 = Debug|Any CPU
		{09FF3417-454B-43D9-A808-968DCE85C4B9}.Debug|iPhone.ActiveCfg = Debug|Any CPU
		{09FF3417-454B-43D9-A808-968DCE85C4B9}.Debug|iPhone.Build.0 = Debug|Any CPU
		{09FF3417-454B-43D9-A808-968DCE85C4B9}.Debug|iPhone.Deploy.0 = Debug|Any CPU
		{09FF3417-454B-43D9-A808-968DCE85C4B9}.Debug|iPhoneSimulator.ActiveCfg = Debug|Any CPU
		{09FF3417-454B-43D9-A808-968DCE85C4B9}.Debug|iPhoneSimulator.Build.0 = Debug|Any CPU
		{09FF3417-454B-43D9-A808-968DCE85C4B9}.Debug|iPhoneSimulator.Deploy.0 = Debug|Any CPU
		{09FF3417-454B-43D9-A808-968DCE85C4B9}.Release|Any CPU.ActiveCfg = Release|Any CPU
		{09FF3417-454B-43D9-A808-968DCE85C4B9}.Release|Any CPU.Build.0 = Release|Any CPU
		{09FF3417-454B-43D9-A808-968DCE85C4B9}.Release|Any CPU.Deploy.0 = Release|Any CPU
		{09FF3417-454B-43D9-A808-968DCE85C4B9}.Release|iPhone.ActiveCfg = Release|Any CPU
		{09FF3417-454B-43D9-A808-968DCE85C4B9}.Release|iPhone.Build.0 = Release|Any CPU
		{09FF3417-454B-43D9-A808-968DCE85C4B9}.Release|iPhone.Deploy.0 = Release|Any CPU
		{09FF3417-454B-43D9-A808-968DCE85C4B9}.Release|iPhoneSimulator.ActiveCfg = Release|Any CPU
		{09FF3417-454B-43D9-A808-968DCE85C4B9}.Release|iPhoneSimulator.Build.0 = Release|Any CPU
		{09FF3417-454B-43D9-A808-968DCE85C4B9}.Release|iPhoneSimulator.Deploy.0 = Release|Any CPU
		{1FA886EA-119B-4ECB-892E-4CF48C0AD2A5}.Debug|Any CPU.ActiveCfg = Debug|iPhone
		{1FA886EA-119B-4ECB-892E-4CF48C0AD2A5}.Debug|Any CPU.Build.0 = Debug|iPhone
		{1FA886EA-119B-4ECB-892E-4CF48C0AD2A5}.Debug|Any CPU.Deploy.0 = Debug|iPhone
		{1FA886EA-119B-4ECB-892E-4CF48C0AD2A5}.Debug|iPhone.ActiveCfg = Debug|iPhone
		{1FA886EA-119B-4ECB-892E-4CF48C0AD2A5}.Debug|iPhone.Build.0 = Debug|iPhone
		{1FA886EA-119B-4ECB-892E-4CF48C0AD2A5}.Debug|iPhone.Deploy.0 = Debug|iPhone
		{1FA886EA-119B-4ECB-892E-4CF48C0AD2A5}.Debug|iPhoneSimulator.ActiveCfg = Debug|iPhoneSimulator
		{1FA886EA-119B-4ECB-892E-4CF48C0AD2A5}.Debug|iPhoneSimulator.Build.0 = Debug|iPhoneSimulator
		{1FA886EA-119B-4ECB-892E-4CF48C0AD2A5}.Debug|iPhoneSimulator.Deploy.0 = Debug|iPhoneSimulator
		{1FA886EA-119B-4ECB-892E-4CF48C0AD2A5}.Release|Any CPU.ActiveCfg = Release|iPhoneSimulator
		{1FA886EA-119B-4ECB-892E-4CF48C0AD2A5}.Release|Any CPU.Build.0 = Release|iPhoneSimulator
		{1FA886EA-119B-4ECB-892E-4CF48C0AD2A5}.Release|Any CPU.Deploy.0 = Release|iPhoneSimulator
		{1FA886EA-119B-4ECB-892E-4CF48C0AD2A5}.Release|iPhone.ActiveCfg = Release|iPhone
		{1FA886EA-119B-4ECB-892E-4CF48C0AD2A5}.Release|iPhone.Build.0 = Release|iPhone
		{1FA886EA-119B-4ECB-892E-4CF48C0AD2A5}.Release|iPhone.Deploy.0 = Release|iPhone
		{1FA886EA-119B-4ECB-892E-4CF48C0AD2A5}.Release|iPhoneSimulator.ActiveCfg = Release|iPhoneSimulator
		{1FA886EA-119B-4ECB-892E-4CF48C0AD2A5}.Release|iPhoneSimulator.Build.0 = Release|iPhoneSimulator
		{1FA886EA-119B-4ECB-892E-4CF48C0AD2A5}.Release|iPhoneSimulator.Deploy.0 = Release|iPhoneSimulator
		{26B7354B-DEDA-4010-82E9-987D869454A7}.Debug|Any CPU.ActiveCfg = Debug|Any CPU
		{26B7354B-DEDA-4010-82E9-987D869454A7}.Debug|Any CPU.Build.0 = Debug|Any CPU
		{26B7354B-DEDA-4010-82E9-987D869454A7}.Debug|Any CPU.Deploy.0 = Debug|Any CPU
		{26B7354B-DEDA-4010-82E9-987D869454A7}.Debug|iPhone.ActiveCfg = Debug|Any CPU
		{26B7354B-DEDA-4010-82E9-987D869454A7}.Debug|iPhone.Build.0 = Debug|Any CPU
		{26B7354B-DEDA-4010-82E9-987D869454A7}.Debug|iPhone.Deploy.0 = Debug|Any CPU
		{26B7354B-DEDA-4010-82E9-987D869454A7}.Debug|iPhoneSimulator.ActiveCfg = Debug|Any CPU
		{26B7354B-DEDA-4010-82E9-987D869454A7}.Debug|iPhoneSimulator.Build.0 = Debug|Any CPU
		{26B7354B-DEDA-4010-82E9-987D869454A7}.Debug|iPhoneSimulator.Deploy.0 = Debug|Any CPU
		{26B7354B-DEDA-4010-82E9-987D869454A7}.Release|Any CPU.ActiveCfg = Release|Any CPU
		{26B7354B-DEDA-4010-82E9-987D869454A7}.Release|Any CPU.Build.0 = Release|Any CPU
		{26B7354B-DEDA-4010-82E9-987D869454A7}.Release|Any CPU.Deploy.0 = Release|Any CPU
		{26B7354B-DEDA-4010-82E9-987D869454A7}.Release|iPhone.ActiveCfg = Release|Any CPU
		{26B7354B-DEDA-4010-82E9-987D869454A7}.Release|iPhone.Build.0 = Release|Any CPU
		{26B7354B-DEDA-4010-82E9-987D869454A7}.Release|iPhone.Deploy.0 = Release|Any CPU
		{26B7354B-DEDA-4010-82E9-987D869454A7}.Release|iPhoneSimulator.ActiveCfg = Release|Any CPU
		{26B7354B-DEDA-4010-82E9-987D869454A7}.Release|iPhoneSimulator.Build.0 = Release|Any CPU
		{26B7354B-DEDA-4010-82E9-987D869454A7}.Release|iPhoneSimulator.Deploy.0 = Release|Any CPU
	EndGlobalSection
	GlobalSection(SolutionProperties) = preSolution
		HideSolutionNode = FALSE
	EndGlobalSection
	GlobalSection(ExtensibilityGlobals) = postSolution
		SolutionGuid = {DE94D0BF-8C5A-4BD0-9558-9EB1E03CE215}
	EndGlobalSection
EndGlobal
